
Microsoft Visual Studio Solution File, Format Version 12.00
# Visual Studio Version 16
VisualStudioVersion = 16.0.32929.386
MinimumVisualStudioVersion = 10.0.40219.1
Project("{FAE04EC0-301F-11D3-BF4B-00C04F79EFBC}") = "WinFormPRJ", "WinFormPRJ\WinFormPRJ.csproj", "{6BAC67D2-0424-4836-BBCE-0EC73D545F10}"
EndProject
Global
	GlobalSection(SolutionConfigurationPlatforms) = preSolution
		Debug|Any CPU = Debug|Any CPU
		Release|Any CPU = Release|Any CPU
	EndGlobalSection
	GlobalSection(ProjectConfigurationPlatforms) = postSolution
		{6BAC67D2-0424-4836-BBCE-0EC73D545F10}.Debug|Any CPU.ActiveCfg = Debug|Any CPU
		{6BAC67D2-0424-4836-BBCE-0EC73D545F10}.Debug|Any CPU.Build.0 = Debug|Any CPU
		{6BAC67D2-0424-4836-BBCE-0EC73D545F10}.Release|Any CPU.ActiveCfg = Release|Any CPU
		{6BAC67D2-0424-4836-BBCE-0EC73D545F10}.Release|Any CPU.Build.0 = Release|Any CPU
	EndGlobalSection
	GlobalSection(SolutionProperties) = preSolution
		HideSolutionNode = FALSE
	EndGlobalSection
	GlobalSection(ExtensibilityGlobals) = postSolution
		SolutionGuid = {4C083E1A-EB71-4F08-8538-12FEE24A322D}
	EndGlobalSection
EndGlobal
